
Microsoft Visual Studio Solution File, Format Version 12.00
# Visual Studio Version 16
VisualStudioVersion = 16.0.30611.23
MinimumVisualStudioVersion = 10.0.40219.1
Project("{FAE04EC0-301F-11D3-BF4B-00C04F79EFBC}") = "PokemonDrinkingGame", "PokemonDrinkingGame.csproj", "{516EF9CB-4D65-4B08-8338-B064C087E9BF}"
EndProject
Global
	GlobalSection(SolutionConfigurationPlatforms) = preSolution
		Debug|Any CPU = Debug|Any CPU
		Release|Any CPU = Release|Any CPU
	EndGlobalSection
	GlobalSection(ProjectConfigurationPlatforms) = postSolution
		{516EF9CB-4D65-4B08-8338-B064C087E9BF}.Debug|Any CPU.ActiveCfg = Debug|Any CPU
		{516EF9CB-4D65-4B08-8338-B064C087E9BF}.Debug|Any CPU.Build.0 = Debug|Any CPU
		{516EF9CB-4D65-4B08-8338-B064C087E9BF}.Release|Any CPU.ActiveCfg = Release|Any CPU
		{516EF9CB-4D65-4B08-8338-B064C087E9BF}.Release|Any CPU.Build.0 = Release|Any CPU
	EndGlobalSection
	GlobalSection(SolutionProperties) = preSolution
		HideSolutionNode = FALSE
	EndGlobalSection
	GlobalSection(ExtensibilityGlobals) = postSolution
		SolutionGuid = {086A8024-E6A5-4FA4-AFD5-4BB0E5F65F7B}
	EndGlobalSection
EndGlobal
